
Microsoft Visual Studio Solution File, Format Version 12.00
# Visual Studio Version 17
VisualStudioVersion = 17.8.34511.84
MinimumVisualStudioVersion = 10.0.40219.1
Project("{FAE04EC0-301F-11D3-BF4B-00C04F79EFBC}") = "ResultProcessingSystem", "ResultProcessingSystem.csproj", "{87F1AF18-6FCB-4ABE-ABF2-B65770AB34C0}"
EndProject
Global
	GlobalSection(SolutionConfigurationPlatforms) = preSolution
		Debug|Any CPU = Debug|Any CPU
		Release|Any CPU = Release|Any CPU
	EndGlobalSection
	GlobalSection(ProjectConfigurationPlatforms) = postSolution
		{87F1AF18-6FCB-4ABE-ABF2-B65770AB34C0}.Debug|Any CPU.ActiveCfg = Debug|Any CPU
		{87F1AF18-6FCB-4ABE-ABF2-B65770AB34C0}.Debug|Any CPU.Build.0 = Debug|Any CPU
		{87F1AF18-6FCB-4ABE-ABF2-B65770AB34C0}.Release|Any CPU.ActiveCfg = Release|Any CPU
		{87F1AF18-6FCB-4ABE-ABF2-B65770AB34C0}.Release|Any CPU.Build.0 = Release|Any CPU
	EndGlobalSection
	GlobalSection(SolutionProperties) = preSolution
		HideSolutionNode = FALSE
	EndGlobalSection
	GlobalSection(ExtensibilityGlobals) = postSolution
		SolutionGuid = {B959B40F-0039-4D84-A077-66A702A5CEE2}
	EndGlobalSection
EndGlobal
